// !$*UTF8*$!
{
	archiveVersion = 1;
	classes = {
	};
	objectVersion = 55;
	objects = {

/* Begin PBXBuildFile section */
		4270D28027E25A4900DDA47C /* Pokemon.swift in Sources */ = {isa = PBXBuildFile; fileRef = 4270D27F27E25A4900DDA47C /* Pokemon.swift */; };
		4270D28227E263DD00DDA47C /* Service.swift in Sources */ = {isa = PBXBuildFile; fileRef = 4270D28127E263DD00DDA47C /* Service.swift */; };
		4287651327F4B18F00A0F9B6 /* InfoView.swift in Sources */ = {isa = PBXBuildFile; fileRef = 4287651227F4B18F00A0F9B6 /* InfoView.swift */; };
		42E633B427E019BC0028AECF /* AppDelegate.swift in Sources */ = {isa = PBXBuildFile; fileRef = 42E633B327E019BC0028AECF /* AppDelegate.swift */; };
		42E633B627E019BC0028AECF /* SceneDelegate.swift in Sources */ = {isa = PBXBuildFile; fileRef = 42E633B527E019BC0028AECF /* SceneDelegate.swift */; };
		42E633BB27E019BC0028AECF /* Main.storyboard in Resources */ = {isa = PBXBuildFile; fileRef = 42E633B927E019BC0028AECF /* Main.storyboard */; };
		42E633BD27E019BE0028AECF /* Assets.xcassets in Resources */ = {isa = PBXBuildFile; fileRef = 42E633BC27E019BE0028AECF /* Assets.xcassets */; };
		42E633C027E019BE0028AECF /* LaunchScreen.storyboard in Resources */ = {isa = PBXBuildFile; fileRef = 42E633BE27E019BE0028AECF /* LaunchScreen.storyboard */; };
		42E633CD27E01A020028AECF /* PokedexController.swift in Sources */ = {isa = PBXBuildFile; fileRef = 42E633CC27E01A020028AECF /* PokedexController.swift */; };
		42E633CF27E01D040028AECF /* Extensions.swift in Sources */ = {isa = PBXBuildFile; fileRef = 42E633CE27E01D040028AECF /* Extensions.swift */; };
		42E633D127E020A70028AECF /* PokeDexCell.swift in Sources */ = {isa = PBXBuildFile; fileRef = 42E633D027E020A70028AECF /* PokeDexCell.swift */; };
/* End PBXBuildFile section */

/* Begin PBXFileReference section */
		4270D27F27E25A4900DDA47C /* Pokemon.swift */ = {isa = PBXFileReference; lastKnownFileType = sourcecode.swift; path = Pokemon.swift; sourceTree = "<group>"; };
		4270D28127E263DD00DDA47C /* Service.swift */ = {isa = PBXFileReference; lastKnownFileType = sourcecode.swift; path = Service.swift; sourceTree = "<group>"; };
		4287651227F4B18F00A0F9B6 /* InfoView.swift */ = {isa = PBXFileReference; lastKnownFileType = sourcecode.swift; path = InfoView.swift; sourceTree = "<group>"; };
		42E633B027E019BC0028AECF /* Pokedex.app */ = {isa = PBXFileReference; explicitFileType = wrapper.application; includeInIndex = 0; path = Pokedex.app; sourceTree = BUILT_PRODUCTS_DIR; };
		42E633B327E019BC0028AECF /* AppDelegate.swift */ = {isa = PBXFileReference; lastKnownFileType = sourcecode.swift; path = AppDelegate.swift; sourceTree = "<group>"; };
		42E633B527E019BC0028AECF /* SceneDelegate.swift */ = {isa = PBXFileReference; lastKnownFileType = sourcecode.swift; path = SceneDelegate.swift; sourceTree = "<group>"; };
		42E633BA27E019BC0028AECF /* Base */ = {isa = PBXFileReference; lastKnownFileType = file.storyboard; name = Base; path = Base.lproj/Main.storyboard; sourceTree = "<group>"; };
		42E633BC27E019BE0028AECF /* Assets.xcassets */ = {isa = PBXFileReference; lastKnownFileType = folder.assetcatalog; path = Assets.xcassets; sourceTree = "<group>"; };
		42E633BF27E019BE0028AECF /* Base */ = {isa = PBXFileReference; lastKnownFileType = file.storyboard; name = Base; path = Base.lproj/LaunchScreen.storyboard; sourceTree = "<group>"; };
		42E633C127E019BE0028AECF /* Info.plist */ = {isa = PBXFileReference; lastKnownFileType = text.plist.xml; path = Info.plist; sourceTree = "<group>"; };
		42E633CC27E01A020028AECF /* PokedexController.swift */ = {isa = PBXFileReference; lastKnownFileType = sourcecode.swift; path = PokedexController.swift; sourceTree = "<group>"; };
		42E633CE27E01D040028AECF /* Extensions.swift */ = {isa = PBXFileReference; lastKnownFileType = sourcecode.swift; path = Extensions.swift; sourceTree = "<group>"; };
		42E633D027E020A70028AECF /* PokeDexCell.swift */ = {isa = PBXFileReference; lastKnownFileType = sourcecode.swift; path = PokeDexCell.swift; sourceTree = "<group>"; };
/* End PBXFileReference section */

/* Begin PBXFrameworksBuildPhase section */
		42E633AD27E019BC0028AECF /* Frameworks */ = {
			isa = PBXFrameworksBuildPhase;
			buildActionMask = 2147483647;
			files = (
			);
			runOnlyForDeploymentPostprocessing = 0;
		};
/* End PBXFrameworksBuildPhase section */

/* Begin PBXGroup section */
		42E633A727E019BC0028AECF = {
			isa = PBXGroup;
			children = (
				42E633B227E019BC0028AECF /* Pokedex */,
				42E633B127E019BC0028AECF /* Products */,
			);
			sourceTree = "<group>";
		};
		42E633B127E019BC0028AECF /* Products */ = {
			isa = PBXGroup;
			children = (
				42E633B027E019BC0028AECF /* Pokedex.app */,
			);
			name = Products;
			sourceTree = "<group>";
		};
		42E633B227E019BC0028AECF /* Pokedex */ = {
			isa = PBXGroup;
			children = (
				42E633C727E019C40028AECF /* Model */,
				42E633C827E019C90028AECF /* View */,
				42E633C927E019D00028AECF /* Controller */,
				42E633CA27E019D80028AECF /* Service */,
				42E633CB27E019DE0028AECF /* Utils */,
				42E633B327E019BC0028AECF /* AppDelegate.swift */,
				42E633B527E019BC0028AECF /* SceneDelegate.swift */,
				42E633B927E019BC0028AECF /* Main.storyboard */,
				42E633BC27E019BE0028AECF /* Assets.xcassets */,
				42E633BE27E019BE0028AECF /* LaunchScreen.storyboard */,
				42E633C127E019BE0028AECF /* Info.plist */,
			);
			path = Pokedex;
			sourceTree = "<group>";
		};
		42E633C727E019C40028AECF /* Model */ = {
			isa = PBXGroup;
			children = (
				4270D27F27E25A4900DDA47C /* Pokemon.swift */,
			);
			path = Model;
			sourceTree = "<group>";
		};
		42E633C827E019C90028AECF /* View */ = {
			isa = PBXGroup;
			children = (
				42E633D027E020A70028AECF /* PokeDexCell.swift */,
				4287651227F4B18F00A0F9B6 /* InfoView.swift */,
			);
			path = View;
			sourceTree = "<group>";
		};
		42E633C927E019D00028AECF /* Controller */ = {
			isa = PBXGroup;
			children = (
				42E633CC27E01A020028AECF /* PokedexController.swift */,
			);
			path = Controller;
			sourceTree = "<group>";
		};
		42E633CA27E019D80028AECF /* Service */ = {
			isa = PBXGroup;
			children = (
				4270D28127E263DD00DDA47C /* Service.swift */,
			);
			path = Service;
			sourceTree = "<group>";
		};
		42E633CB27E019DE0028AECF /* Utils */ = {
			isa = PBXGroup;
			children = (
				42E633CE27E01D040028AECF /* Extensions.swift */,
			);
			path = Utils;
			sourceTree = "<group>";
		};
/* End PBXGroup section */

/* Begin PBXNativeTarget section */
		42E633AF27E019BC0028AECF /* Pokedex */ = {
			isa = PBXNativeTarget;
			buildConfigurationList = 42E633C427E019BE0028AECF /* Build configuration list for PBXNativeTarget "Pokedex" */;
			buildPhases = (
				42E633AC27E019BC0028AECF /* Sources */,
				42E633AD27E019BC0028AECF /* Frameworks */,
				42E633AE27E019BC0028AECF /* Resources */,
			);
			buildRules = (
			);
			dependencies = (
			);
			name = Pokedex;
			productName = Pokedex;
			productReference = 42E633B027E019BC0028AECF /* Pokedex.app */;
			productType = "com.apple.product-type.application";
		};
/* End PBXNativeTarget section */

/* Begin PBXProject section */
		42E633A827E019BC0028AECF /* Project object */ = {
			isa = PBXProject;
			attributes = {
				BuildIndependentTargetsInParallel = 1;
				LastSwiftUpdateCheck = 1310;
				LastUpgradeCheck = 1310;
				TargetAttributes = {
					42E633AF27E019BC0028AECF = {
						CreatedOnToolsVersion = 13.1;
					};
				};
			};
			buildConfigurationList = 42E633AB27E019BC0028AECF /* Build configuration list for PBXProject "Pokedex" */;
			compatibilityVersion = "Xcode 13.0";
			developmentRegion = en;
			hasScannedForEncodings = 0;
			knownRegions = (
				en,
				Base,
			);
			mainGroup = 42E633A727E019BC0028AECF;
			productRefGroup = 42E633B127E019BC0028AECF /* Products */;
			projectDirPath = "";
			projectRoot = "";
			targets = (
				42E633AF27E019BC0028AECF /* Pokedex */,
			);
		};
/* End PBXProject section */

/* Begin PBXResourcesBuildPhase section */
		42E633AE27E019BC0028AECF /* Resources */ = {
			isa = PBXResourcesBuildPhase;
			buildActionMask = 2147483647;
			files = (
				42E633C027E019BE0028AECF /* LaunchScreen.storyboard in Resources */,
				42E633BD27E019BE0028AECF /* Assets.xcassets in Resources */,
				42E633BB27E019BC0028AECF /* Main.storyboard in Resources */,
			);
			runOnlyForDeploymentPostprocessing = 0;
		};
/* End PBXResourcesBuildPhase section */

/* Begin PBXSourcesBuildPhase section */
		42E633AC27E019BC0028AECF /* Sources */ = {
			isa = PBXSourcesBuildPhase;
			buildActionMask = 2147483647;
			files = (
				4287651327F4B18F00A0F9B6 /* InfoView.swift in Sources */,
				42E633D127E020A70028AECF /* PokeDexCell.swift in Sources */,
				4270D28227E263DD00DDA47C /* Service.swift in Sources */,
				42E633B427E019BC0028AECF /* AppDelegate.swift in Sources */,
				42E633CD27E01A020028AECF /* PokedexController.swift in Sources */,
				42E633B627E019BC0028AECF /* SceneDelegate.swift in Sources */,
				42E633CF27E01D040028AECF /* Extensions.swift in Sources */,
				4270D28027E25A4900DDA47C /* Pokemon.swift in Sources */,
			);
			runOnlyForDeploymentPostprocessing = 0;
		};
/* End PBXSourcesBuildPhase section */

/* Begin PBXVariantGroup section */
		42E633B927E019BC0028AECF /* Main.storyboard */ = {
			isa = PBXVariantGroup;
			children = (
				42E633BA27E019BC0028AECF /* Base */,
			);
			name = Main.storyboard;
			sourceTree = "<group>";
		};
		42E633BE27E019BE0028AECF /* LaunchScreen.storyboard */ = {
			isa = PBXVariantGroup;
			children = (
				42E633BF27E019BE0028AECF /* Base */,
			);
			name = LaunchScreen.storyboard;
			sourceTree = "<group>";
		};
/* End PBXVariantGroup section */

/* Begin XCBuildConfiguration section */
		42E633C227E019BE0028AECF /* Debug */ = {
			isa = XCBuildConfiguration;
			buildSettings = {
				ALWAYS_SEARCH_USER_PATHS = NO;
				CLANG_ANALYZER_NONNULL = YES;
				CLANG_ANALYZER_NUMBER_OBJECT_CONVERSION = YES_AGGRESSIVE;
				CLANG_CXX_LANGUAGE_STANDARD = "gnu++17";
				CLANG_CXX_LIBRARY = "libc++";
				CLANG_ENABLE_MODULES = YES;
				CLANG_ENABLE_OBJC_ARC = YES;
				CLANG_ENABLE_OBJC_WEAK = YES;
				CLANG_WARN_BLOCK_CAPTURE_AUTORELEASING = YES;
				CLANG_WARN_BOOL_CONVERSION = YES;
				CLANG_WARN_COMMA = YES;
				CLANG_WARN_CONSTANT_CONVERSION = YES;
				CLANG_WARN_DEPRECATED_OBJC_IMPLEMENTATIONS = YES;
				CLANG_WARN_DIRECT_OBJC_ISA_USAGE = YES_ERROR;
				CLANG_WARN_DOCUMENTATION_COMMENTS = YES;
				CLANG_WARN_EMPTY_BODY = YES;
				CLANG_WARN_ENUM_CONVERSION = YES;
				CLANG_WARN_INFINITE_RECURSION = YES;
				CLANG_WARN_INT_CONVERSION = YES;
				CLANG_WARN_NON_LITERAL_NULL_CONVERSION = YES;
				CLANG_WARN_OBJC_IMPLICIT_RETAIN_SELF = YES;
				CLANG_WARN_OBJC_LITERAL_CONVERSION = YES;
				CLANG_WARN_OBJC_ROOT_CLASS = YES_ERROR;
				CLANG_WARN_QUOTED_INCLUDE_IN_FRAMEWORK_HEADER = YES;
				CLANG_WARN_RANGE_LOOP_ANALYSIS = YES;
				CLANG_WARN_STRICT_PROTOTYPES = YES;
				CLANG_WARN_SUSPICIOUS_MOVE = YES;
				CLANG_WARN_UNGUARDED_AVAILABILITY = YES_AGGRESSIVE;
				CLANG_WARN_UNREACHABLE_CODE = YES;
				CLANG_WARN__DUPLICATE_METHOD_MATCH = YES;
				COPY_PHASE_STRIP = NO;
				DEBUG_INFORMATION_FORMAT = dwarf;
				ENABLE_STRICT_OBJC_MSGSEND = YES;
				ENABLE_TESTABILITY = YES;
				GCC_C_LANGUAGE_STANDARD = gnu11;
				GCC_DYNAMIC_NO_PIC = NO;
				GCC_NO_COMMON_BLOCKS = YES;
				GCC_OPTIMIZATION_LEVEL = 0;
				GCC_PREPROCESSOR_DEFINITIONS = (
					"DEBUG=1",
					"$(inherited)",
				);
				GCC_WARN_64_TO_32_BIT_CONVERSION = YES;
				GCC_WARN_ABOUT_RETURN_TYPE = YES_ERROR;
				GCC_WARN_UNDECLARED_SELECTOR = YES;
				GCC_WARN_UNINITIALIZED_AUTOS = YES_AGGRESSIVE;
				GCC_WARN_UNUSED_FUNCTION = YES;
				GCC_WARN_UNUSED_VARIABLE = YES;
				IPHONEOS_DEPLOYMENT_TARGET = 15.0;
				MTL_ENABLE_DEBUG_INFO = INCLUDE_SOURCE;
				MTL_FAST_MATH = YES;
				ONLY_ACTIVE_ARCH = YES;
				SDKROOT = iphoneos;
				SWIFT_ACTIVE_COMPILATION_CONDITIONS = DEBUG;
				SWIFT_OPTIMIZATION_LEVEL = "-Onone";
			};
			name = Debug;
		};
		42E633C327E019BE0028AECF /* Release */ = {
			isa = XCBuildConfiguration;
			buildSettings = {
				ALWAYS_SEARCH_USER_PATHS = NO;
				CLANG_ANALYZER_NONNULL = YES;
				CLANG_ANALYZER_NUMBER_OBJECT_CONVERSION = YES_AGGRESSIVE;
				CLANG_CXX_LANGUAGE_STANDARD = "gnu++17";
				CLANG_CXX_LIBRARY = "libc++";
				CLANG_ENABLE_MODULES = YES;
				CLANG_ENABLE_OBJC_ARC = YES;
				CLANG_ENABLE_OBJC_WEAK = YES;
				CLANG_WARN_BLOCK_CAPTURE_AUTORELEASING = YES;
				CLANG_WARN_BOOL_CONVERSION = YES;
				CLANG_WARN_COMMA = YES;
				CLANG_WARN_CONSTANT_CONVERSION = YES;
				CLANG_WARN_DEPRECATED_OBJC_IMPLEMENTATIONS = YES;
				CLANG_WARN_DIRECT_OBJC_ISA_USAGE = YES_ERROR;
				CLANG_WARN_DOCUMENTATION_COMMENTS = YES;
				CLANG_WARN_EMPTY_BODY = YES;
				CLANG_WARN_ENUM_CONVERSION = YES;
				CLANG_WARN_INFINITE_RECURSION = YES;
				CLANG_WARN_INT_CONVERSION = YES;
				CLANG_WARN_NON_LITERAL_NULL_CONVERSION = YES;
				CLANG_WARN_OBJC_IMPLICIT_RETAIN_SELF = YES;
				CLANG_WARN_OBJC_LITERAL_CONVERSION = YES;
				CLANG_WARN_OBJC_ROOT_CLASS = YES_ERROR;
				CLANG_WARN_QUOTED_INCLUDE_IN_FRAMEWORK_HEADER = YES;
				CLANG_WARN_RANGE_LOOP_ANALYSIS = YES;
				CLANG_WARN_STRICT_PROTOTYPES = YES;
				CLANG_WARN_SUSPICIOUS_MOVE = YES;
				CLANG_WARN_UNGUARDED_AVAILABILITY = YES_AGGRESSIVE;
				CLANG_WARN_UNREACHABLE_CODE = YES;
				CLANG_WARN__DUPLICATE_METHOD_MATCH = YES;
				COPY_PHASE_STRIP = NO;
				DEBUG_INFORMATION_FORMAT = "dwarf-with-dsym";
				ENABLE_NS_ASSERTIONS = NO;
				ENABLE_STRICT_OBJC_MSGSEND = YES;
				GCC_C_LANGUAGE_STANDARD = gnu11;
				GCC_NO_COMMON_BLOCKS = YES;
				GCC_WARN_64_TO_32_BIT_CONVERSION = YES;
				GCC_WARN_ABOUT_RETURN_TYPE = YES_ERROR;
				GCC_WARN_UNDECLARED_SELECTOR = YES;
				GCC_WARN_UNINITIALIZED_AUTOS = YES_AGGRESSIVE;
				GCC_WARN_UNUSED_FUNCTION = YES;
				GCC_WARN_UNUSED_VARIABLE = YES;
				IPHONEOS_DEPLOYMENT_TARGET = 15.0;
				MTL_ENABLE_DEBUG_INFO = NO;
				MTL_FAST_MATH = YES;
				SDKROOT = iphoneos;
				SWIFT_COMPILATION_MODE = wholemodule;
				SWIFT_OPTIMIZATION_LEVEL = "-O";
				VALIDATE_PRODUCT = YES;
			};
			name = Release;
		};
		42E633C527E019BE0028AECF /* Debug */ = {
			isa = XCBuildConfiguration;
			buildSettings = {
				ASSETCATALOG_COMPILER_APPICON_NAME = AppIcon;
				ASSETCATALOG_COMPILER_GLOBAL_ACCENT_COLOR_NAME = AccentColor;
				CODE_SIGN_STYLE = Automatic;
				CURRENT_PROJECT_VERSION = 1;
				DEVELOPMENT_TEAM = CTDN3273R3;
				GENERATE_INFOPLIST_FILE = YES;
				INFOPLIST_FILE = Pokedex/Info.plist;
				INFOPLIST_KEY_UIApplicationSupportsIndirectInputEvents = YES;
				INFOPLIST_KEY_UILaunchStoryboardName = LaunchScreen;
				INFOPLIST_KEY_UIMainStoryboardFile = Main;
				INFOPLIST_KEY_UISupportedInterfaceOrientations_iPad = "UIInterfaceOrientationPortrait UIInterfaceOrientationPortraitUpsideDown UIInterfaceOrientationLandscapeLeft UIInterfaceOrientationLandscapeRight";
				INFOPLIST_KEY_UISupportedInterfaceOrientations_iPhone = "UIInterfaceOrientationPortrait UIInterfaceOrientationLandscapeLeft UIInterfaceOrientationLandscapeRight";
				LD_RUNPATH_SEARCH_PATHS = (
					"$(inherited)",
					"@executable_path/Frameworks",
				);
				MARKETING_VERSION = 1.0;
				PRODUCT_BUNDLE_IDENTIFIER = vhenriquebm.Pokedex;
				PRODUCT_NAME = "$(TARGET_NAME)";
				SWIFT_EMIT_LOC_STRINGS = YES;
				SWIFT_VERSION = 5.0;
				TARGETED_DEVICE_FAMILY = "1,2";
			};
			name = Debug;
		};
		42E633C627E019BE0028AECF /* Release */ = {
			isa = XCBuildConfiguration;
			buildSettings = {
				ASSETCATALOG_COMPILER_APPICON_NAME = AppIcon;
				ASSETCATALOG_COMPILER_GLOBAL_ACCENT_COLOR_NAME = AccentColor;
				CODE_SIGN_STYLE = Automatic;
				CURRENT_PROJECT_VERSION = 1;
				DEVELOPMENT_TEAM = CTDN3273R3;
				GENERATE_INFOPLIST_FILE = YES;
				INFOPLIST_FILE = Pokedex/Info.plist;
				INFOPLIST_KEY_UIApplicationSupportsIndirectInputEvents = YES;
				INFOPLIST_KEY_UILaunchStoryboardName = LaunchScreen;
				INFOPLIST_KEY_UIMainStoryboardFile = Main;
				INFOPLIST_KEY_UISupportedInterfaceOrientations_iPad = "UIInterfaceOrientationPortrait UIInterfaceOrientationPortraitUpsideDown UIInterfaceOrientationLandscapeLeft UIInterfaceOrientationLandscapeRight";
				INFOPLIST_KEY_UISupportedInterfaceOrientations_iPhone = "UIInterfaceOrientationPortrait UIInterfaceOrientationLandscapeLeft UIInterfaceOrientationLandscapeRight";
				LD_RUNPATH_SEARCH_PATHS = (
					"$(inherited)",
					"@executable_path/Frameworks",
				);
				MARKETING_VERSION = 1.0;
				PRODUCT_BUNDLE_IDENTIFIER = vhenriquebm.Pokedex;
				PRODUCT_NAME = "$(TARGET_NAME)";
				SWIFT_EMIT_LOC_STRINGS = YES;
				SWIFT_VERSION = 5.0;
				TARGETED_DEVICE_FAMILY = "1,2";
			};
			name = Release;
		};
/* End XCBuildConfiguration section */

/* Begin XCConfigurationList section */
		42E633AB27E019BC0028AECF /* Build configuration list for PBXProject "Pokedex" */ = {
			isa = XCConfigurationList;
			buildConfigurations = (
				42E633C227E019BE0028AECF /* Debug */,
				42E633C327E019BE0028AECF /* Release */,
			);
			defaultConfigurationIsVisible = 0;
			defaultConfigurationName = Release;
		};
		42E633C427E019BE0028AECF /* Build configuration list for PBXNativeTarget "Pokedex" */ = {
			isa = XCConfigurationList;
			buildConfigurations = (
				42E633C527E019BE0028AECF /* Debug */,
				42E633C627E019BE0028AECF /* Release */,
			);
			defaultConfigurationIsVisible = 0;
			defaultConfigurationName = Release;
		};
/* End XCConfigurationList section */
	};
	rootObject = 42E633A827E019BC0028AECF /* Project object */;
}
